// !$*UTF8*$!
{
	archiveVersion = 1;
	classes = {
	};
	objectVersion = 56;
	objects = {

/* Begin PBXBuildFile section */
		1047D5F92AA8B2A00038947C /* InsiderApp.swift in Sources */ = {isa = PBXBuildFile; fileRef = 1047D5F82AA8B2A00038947C /* InsiderApp.swift */; };
		1047D5FB2AA8B2A00038947C /* ContentView.swift in Sources */ = {isa = PBXBuildFile; fileRef = 1047D5FA2AA8B2A00038947C /* ContentView.swift */; };
		1047D5FD2AA8B2A10038947C /* Assets.xcassets in Resources */ = {isa = PBXBuildFile; fileRef = 1047D5FC2AA8B2A10038947C /* Assets.xcassets */; };
		1047D6002AA8B2A10038947C /* Preview Assets.xcassets in Resources */ = {isa = PBXBuildFile; fileRef = 1047D5FF2AA8B2A10038947C /* Preview Assets.xcassets */; };
		10DB79852AAE268200A6D2AC /* GoogleService-Info.plist in Resources */ = {isa = PBXBuildFile; fileRef = 10DB79842AAE268200A6D2AC /* GoogleService-Info.plist */; };
		10DD6DE82AAB6E6600D4925E /* KakaoSDK in Frameworks */ = {isa = PBXBuildFile; productRef = 10DD6DE72AAB6E6600D4925E /* KakaoSDK */; };
		10DD6DEA2AAB6E6600D4925E /* KakaoSDKAuth in Frameworks */ = {isa = PBXBuildFile; productRef = 10DD6DE92AAB6E6600D4925E /* KakaoSDKAuth */; };
		10DD6DEC2AAB6E6600D4925E /* KakaoSDKCert in Frameworks */ = {isa = PBXBuildFile; productRef = 10DD6DEB2AAB6E6600D4925E /* KakaoSDKCert */; };
		10DD6DEE2AAB6E6600D4925E /* KakaoSDKCertCore in Frameworks */ = {isa = PBXBuildFile; productRef = 10DD6DED2AAB6E6600D4925E /* KakaoSDKCertCore */; };
		10DD6DF02AAB6E6600D4925E /* KakaoSDKCommon in Frameworks */ = {isa = PBXBuildFile; productRef = 10DD6DEF2AAB6E6600D4925E /* KakaoSDKCommon */; };
		10DD6DF22AAB6E6600D4925E /* KakaoSDKFriend in Frameworks */ = {isa = PBXBuildFile; productRef = 10DD6DF12AAB6E6600D4925E /* KakaoSDKFriend */; };
		10DD6DF42AAB6E6600D4925E /* KakaoSDKFriendCore in Frameworks */ = {isa = PBXBuildFile; productRef = 10DD6DF32AAB6E6600D4925E /* KakaoSDKFriendCore */; };
		10DD6DF62AAB6E6600D4925E /* KakaoSDKShare in Frameworks */ = {isa = PBXBuildFile; productRef = 10DD6DF52AAB6E6600D4925E /* KakaoSDKShare */; };
		10DD6DF82AAB6E6600D4925E /* KakaoSDKTalk in Frameworks */ = {isa = PBXBuildFile; productRef = 10DD6DF72AAB6E6600D4925E /* KakaoSDKTalk */; };
		10DD6DFA2AAB6E6600D4925E /* KakaoSDKUser in Frameworks */ = {isa = PBXBuildFile; productRef = 10DD6DF92AAB6E6600D4925E /* KakaoSDKUser */; };
		10E0CBB32AAE02CF0009F054 /* FirebaseAnalytics in Frameworks */ = {isa = PBXBuildFile; productRef = 10E0CBB22AAE02CF0009F054 /* FirebaseAnalytics */; };
		10E0CBB52AAE02CF0009F054 /* FirebaseAnalyticsOnDeviceConversion in Frameworks */ = {isa = PBXBuildFile; productRef = 10E0CBB42AAE02CF0009F054 /* FirebaseAnalyticsOnDeviceConversion */; };
		10E0CBB72AAE02CF0009F054 /* FirebaseAnalyticsSwift in Frameworks */ = {isa = PBXBuildFile; productRef = 10E0CBB62AAE02CF0009F054 /* FirebaseAnalyticsSwift */; };
		10E0CBB92AAE02CF0009F054 /* FirebaseAnalyticsWithoutAdIdSupport in Frameworks */ = {isa = PBXBuildFile; productRef = 10E0CBB82AAE02CF0009F054 /* FirebaseAnalyticsWithoutAdIdSupport */; };
		10E0CBBB2AAE02CF0009F054 /* FirebaseAppCheck in Frameworks */ = {isa = PBXBuildFile; productRef = 10E0CBBA2AAE02CF0009F054 /* FirebaseAppCheck */; };
		10E0CBBD2AAE02CF0009F054 /* FirebaseAppDistribution-Beta in Frameworks */ = {isa = PBXBuildFile; productRef = 10E0CBBC2AAE02CF0009F054 /* FirebaseAppDistribution-Beta */; };
		10E0CBBF2AAE02CF0009F054 /* FirebaseAuth in Frameworks */ = {isa = PBXBuildFile; productRef = 10E0CBBE2AAE02CF0009F054 /* FirebaseAuth */; };
		10E0CBC12AAE02CF0009F054 /* FirebaseAuthCombine-Community in Frameworks */ = {isa = PBXBuildFile; productRef = 10E0CBC02AAE02CF0009F054 /* FirebaseAuthCombine-Community */; };
		10E0CBC32AAE02CF0009F054 /* FirebaseCrashlytics in Frameworks */ = {isa = PBXBuildFile; productRef = 10E0CBC22AAE02CF0009F054 /* FirebaseCrashlytics */; };
		10E0CBC52AAE02CF0009F054 /* FirebaseDatabase in Frameworks */ = {isa = PBXBuildFile; productRef = 10E0CBC42AAE02CF0009F054 /* FirebaseDatabase */; };
		10E0CBC72AAE02CF0009F054 /* FirebaseDatabaseSwift in Frameworks */ = {isa = PBXBuildFile; productRef = 10E0CBC62AAE02CF0009F054 /* FirebaseDatabaseSwift */; };
		10E0CBC92AAE02CF0009F054 /* FirebaseDynamicLinks in Frameworks */ = {isa = PBXBuildFile; productRef = 10E0CBC82AAE02CF0009F054 /* FirebaseDynamicLinks */; };
		10E0CBCB2AAE02CF0009F054 /* FirebaseFirestore in Frameworks */ = {isa = PBXBuildFile; productRef = 10E0CBCA2AAE02CF0009F054 /* FirebaseFirestore */; };
		10E0CBCD2AAE02CF0009F054 /* FirebaseFirestoreCombine-Community in Frameworks */ = {isa = PBXBuildFile; productRef = 10E0CBCC2AAE02CF0009F054 /* FirebaseFirestoreCombine-Community */; };
		10E0CBCF2AAE02CF0009F054 /* FirebaseFirestoreSwift in Frameworks */ = {isa = PBXBuildFile; productRef = 10E0CBCE2AAE02CF0009F054 /* FirebaseFirestoreSwift */; };
		10E0CBD12AAE02CF0009F054 /* FirebaseFunctions in Frameworks */ = {isa = PBXBuildFile; productRef = 10E0CBD02AAE02CF0009F054 /* FirebaseFunctions */; };
		10E0CBD32AAE02CF0009F054 /* FirebaseFunctionsCombine-Community in Frameworks */ = {isa = PBXBuildFile; productRef = 10E0CBD22AAE02CF0009F054 /* FirebaseFunctionsCombine-Community */; };
		10E0CBD52AAE02CF0009F054 /* FirebaseInAppMessaging-Beta in Frameworks */ = {isa = PBXBuildFile; productRef = 10E0CBD42AAE02CF0009F054 /* FirebaseInAppMessaging-Beta */; };
		10E0CBD72AAE02CF0009F054 /* FirebaseInAppMessagingSwift-Beta in Frameworks */ = {isa = PBXBuildFile; productRef = 10E0CBD62AAE02CF0009F054 /* FirebaseInAppMessagingSwift-Beta */; };
		10E0CBD92AAE02CF0009F054 /* FirebaseInstallations in Frameworks */ = {isa = PBXBuildFile; productRef = 10E0CBD82AAE02CF0009F054 /* FirebaseInstallations */; };
		10E0CBDB2AAE02CF0009F054 /* FirebaseMLModelDownloader in Frameworks */ = {isa = PBXBuildFile; productRef = 10E0CBDA2AAE02CF0009F054 /* FirebaseMLModelDownloader */; };
		10E0CBDD2AAE02CF0009F054 /* FirebaseMessaging in Frameworks */ = {isa = PBXBuildFile; productRef = 10E0CBDC2AAE02CF0009F054 /* FirebaseMessaging */; };
		10E0CBDF2AAE02CF0009F054 /* FirebasePerformance in Frameworks */ = {isa = PBXBuildFile; productRef = 10E0CBDE2AAE02CF0009F054 /* FirebasePerformance */; };
		10E0CBE12AAE02CF0009F054 /* FirebaseRemoteConfig in Frameworks */ = {isa = PBXBuildFile; productRef = 10E0CBE02AAE02CF0009F054 /* FirebaseRemoteConfig */; };
		10E0CBE32AAE02CF0009F054 /* FirebaseRemoteConfigSwift in Frameworks */ = {isa = PBXBuildFile; productRef = 10E0CBE22AAE02CF0009F054 /* FirebaseRemoteConfigSwift */; };
		10E0CBE52AAE02CF0009F054 /* FirebaseStorage in Frameworks */ = {isa = PBXBuildFile; productRef = 10E0CBE42AAE02CF0009F054 /* FirebaseStorage */; };
		10E0CBE72AAE02CF0009F054 /* FirebaseStorageCombine-Community in Frameworks */ = {isa = PBXBuildFile; productRef = 10E0CBE62AAE02CF0009F054 /* FirebaseStorageCombine-Community */; };
/* End PBXBuildFile section */

/* Begin PBXFileReference section */
		1047D5F52AA8B2A00038947C /* Insider.app */ = {isa = PBXFileReference; explicitFileType = wrapper.application; includeInIndex = 0; path = Insider.app; sourceTree = BUILT_PRODUCTS_DIR; };
		1047D5F82AA8B2A00038947C /* InsiderApp.swift */ = {isa = PBXFileReference; lastKnownFileType = sourcecode.swift; path = InsiderApp.swift; sourceTree = "<group>"; };
		1047D5FA2AA8B2A00038947C /* ContentView.swift */ = {isa = PBXFileReference; lastKnownFileType = sourcecode.swift; path = ContentView.swift; sourceTree = "<group>"; };
		1047D5FC2AA8B2A10038947C /* Assets.xcassets */ = {isa = PBXFileReference; lastKnownFileType = folder.assetcatalog; path = Assets.xcassets; sourceTree = "<group>"; };
		1047D5FF2AA8B2A10038947C /* Preview Assets.xcassets */ = {isa = PBXFileReference; lastKnownFileType = folder.assetcatalog; path = "Preview Assets.xcassets"; sourceTree = "<group>"; };
		10DB79842AAE268200A6D2AC /* GoogleService-Info.plist */ = {isa = PBXFileReference; fileEncoding = 4; lastKnownFileType = text.plist.xml; name = "GoogleService-Info.plist"; path = "../../../../Downloads/GoogleService-Info.plist"; sourceTree = "<group>"; };
		10DD6DFB2AAB719E00D4925E /* Info.plist */ = {isa = PBXFileReference; lastKnownFileType = text.plist; path = Info.plist; sourceTree = "<group>"; };
/* End PBXFileReference section */

/* Begin PBXFrameworksBuildPhase section */
		1047D5F22AA8B2A00038947C /* Frameworks */ = {
			isa = PBXFrameworksBuildPhase;
			buildActionMask = 2147483647;
			files = (
				10E0CBDB2AAE02CF0009F054 /* FirebaseMLModelDownloader in Frameworks */,
				10E0CBC72AAE02CF0009F054 /* FirebaseDatabaseSwift in Frameworks */,
				10E0CBC92AAE02CF0009F054 /* FirebaseDynamicLinks in Frameworks */,
				10DD6DF42AAB6E6600D4925E /* KakaoSDKFriendCore in Frameworks */,
				10E0CBC12AAE02CF0009F054 /* FirebaseAuthCombine-Community in Frameworks */,
				10DD6DF62AAB6E6600D4925E /* KakaoSDKShare in Frameworks */,
				10E0CBCF2AAE02CF0009F054 /* FirebaseFirestoreSwift in Frameworks */,
				10E0CBBF2AAE02CF0009F054 /* FirebaseAuth in Frameworks */,
				10DD6DEE2AAB6E6600D4925E /* KakaoSDKCertCore in Frameworks */,
				10DD6DF82AAB6E6600D4925E /* KakaoSDKTalk in Frameworks */,
				10E0CBD92AAE02CF0009F054 /* FirebaseInstallations in Frameworks */,
				10E0CBDF2AAE02CF0009F054 /* FirebasePerformance in Frameworks */,
				10E0CBD12AAE02CF0009F054 /* FirebaseFunctions in Frameworks */,
				10DD6DEC2AAB6E6600D4925E /* KakaoSDKCert in Frameworks */,
				10E0CBCD2AAE02CF0009F054 /* FirebaseFirestoreCombine-Community in Frameworks */,
				10DD6DE82AAB6E6600D4925E /* KakaoSDK in Frameworks */,
				10E0CBB32AAE02CF0009F054 /* FirebaseAnalytics in Frameworks */,
				10E0CBE32AAE02CF0009F054 /* FirebaseRemoteConfigSwift in Frameworks */,
				10E0CBDD2AAE02CF0009F054 /* FirebaseMessaging in Frameworks */,
				10E0CBBD2AAE02CF0009F054 /* FirebaseAppDistribution-Beta in Frameworks */,
				10E0CBD52AAE02CF0009F054 /* FirebaseInAppMessaging-Beta in Frameworks */,
				10E0CBC52AAE02CF0009F054 /* FirebaseDatabase in Frameworks */,
				10E0CBE12AAE02CF0009F054 /* FirebaseRemoteConfig in Frameworks */,
				10E0CBE72AAE02CF0009F054 /* FirebaseStorageCombine-Community in Frameworks */,
				10E0CBB52AAE02CF0009F054 /* FirebaseAnalyticsOnDeviceConversion in Frameworks */,
				10DD6DF02AAB6E6600D4925E /* KakaoSDKCommon in Frameworks */,
				10E0CBCB2AAE02CF0009F054 /* FirebaseFirestore in Frameworks */,
				10E0CBD72AAE02CF0009F054 /* FirebaseInAppMessagingSwift-Beta in Frameworks */,
				10E0CBB72AAE02CF0009F054 /* FirebaseAnalyticsSwift in Frameworks */,
				10E0CBD32AAE02CF0009F054 /* FirebaseFunctionsCombine-Community in Frameworks */,
				10E0CBE52AAE02CF0009F054 /* FirebaseStorage in Frameworks */,
				10DD6DEA2AAB6E6600D4925E /* KakaoSDKAuth in Frameworks */,
				10E0CBC32AAE02CF0009F054 /* FirebaseCrashlytics in Frameworks */,
				10E0CBB92AAE02CF0009F054 /* FirebaseAnalyticsWithoutAdIdSupport in Frameworks */,
				10DD6DFA2AAB6E6600D4925E /* KakaoSDKUser in Frameworks */,
				10E0CBBB2AAE02CF0009F054 /* FirebaseAppCheck in Frameworks */,
				10DD6DF22AAB6E6600D4925E /* KakaoSDKFriend in Frameworks */,
			);
			runOnlyForDeploymentPostprocessing = 0;
		};
/* End PBXFrameworksBuildPhase section */

/* Begin PBXGroup section */
		1047D5EC2AA8B2A00038947C = {
			isa = PBXGroup;
			children = (
				1047D5F72AA8B2A00038947C /* Insider */,
				1047D5F62AA8B2A00038947C /* Products */,
			);
			sourceTree = "<group>";
		};
		1047D5F62AA8B2A00038947C /* Products */ = {
			isa = PBXGroup;
			children = (
				1047D5F52AA8B2A00038947C /* Insider.app */,
			);
			name = Products;
			sourceTree = "<group>";
		};
		1047D5F72AA8B2A00038947C /* Insider */ = {
			isa = PBXGroup;
			children = (
				10DB79842AAE268200A6D2AC /* GoogleService-Info.plist */,
				10DD6DFB2AAB719E00D4925E /* Info.plist */,
				1047D5F82AA8B2A00038947C /* InsiderApp.swift */,
				1047D5FA2AA8B2A00038947C /* ContentView.swift */,
				1047D5FC2AA8B2A10038947C /* Assets.xcassets */,
				1047D5FE2AA8B2A10038947C /* Preview Content */,
			);
			path = Insider;
			sourceTree = "<group>";
		};
		1047D5FE2AA8B2A10038947C /* Preview Content */ = {
			isa = PBXGroup;
			children = (
				1047D5FF2AA8B2A10038947C /* Preview Assets.xcassets */,
			);
			path = "Preview Content";
			sourceTree = "<group>";
		};
/* End PBXGroup section */

/* Begin PBXNativeTarget section */
		1047D5F42AA8B2A00038947C /* Insider */ = {
			isa = PBXNativeTarget;
			buildConfigurationList = 1047D6032AA8B2A10038947C /* Build configuration list for PBXNativeTarget "Insider" */;
			buildPhases = (
				1047D5F12AA8B2A00038947C /* Sources */,
				1047D5F22AA8B2A00038947C /* Frameworks */,
				1047D5F32AA8B2A00038947C /* Resources */,
			);
			buildRules = (
			);
			dependencies = (
			);
			name = Insider;
			packageProductDependencies = (
				10DD6DE72AAB6E6600D4925E /* KakaoSDK */,
				10DD6DE92AAB6E6600D4925E /* KakaoSDKAuth */,
				10DD6DEB2AAB6E6600D4925E /* KakaoSDKCert */,
				10DD6DED2AAB6E6600D4925E /* KakaoSDKCertCore */,
				10DD6DEF2AAB6E6600D4925E /* KakaoSDKCommon */,
				10DD6DF12AAB6E6600D4925E /* KakaoSDKFriend */,
				10DD6DF32AAB6E6600D4925E /* KakaoSDKFriendCore */,
				10DD6DF52AAB6E6600D4925E /* KakaoSDKShare */,
				10DD6DF72AAB6E6600D4925E /* KakaoSDKTalk */,
				10DD6DF92AAB6E6600D4925E /* KakaoSDKUser */,
				10E0CBB22AAE02CF0009F054 /* FirebaseAnalytics */,
				10E0CBB42AAE02CF0009F054 /* FirebaseAnalyticsOnDeviceConversion */,
				10E0CBB62AAE02CF0009F054 /* FirebaseAnalyticsSwift */,
				10E0CBB82AAE02CF0009F054 /* FirebaseAnalyticsWithoutAdIdSupport */,
				10E0CBBA2AAE02CF0009F054 /* FirebaseAppCheck */,
				10E0CBBC2AAE02CF0009F054 /* FirebaseAppDistribution-Beta */,
				10E0CBBE2AAE02CF0009F054 /* FirebaseAuth */,
				10E0CBC02AAE02CF0009F054 /* FirebaseAuthCombine-Community */,
				10E0CBC22AAE02CF0009F054 /* FirebaseCrashlytics */,
				10E0CBC42AAE02CF0009F054 /* FirebaseDatabase */,
				10E0CBC62AAE02CF0009F054 /* FirebaseDatabaseSwift */,
				10E0CBC82AAE02CF0009F054 /* FirebaseDynamicLinks */,
				10E0CBCA2AAE02CF0009F054 /* FirebaseFirestore */,
				10E0CBCC2AAE02CF0009F054 /* FirebaseFirestoreCombine-Community */,
				10E0CBCE2AAE02CF0009F054 /* FirebaseFirestoreSwift */,
				10E0CBD02AAE02CF0009F054 /* FirebaseFunctions */,
				10E0CBD22AAE02CF0009F054 /* FirebaseFunctionsCombine-Community */,
				10E0CBD42AAE02CF0009F054 /* FirebaseInAppMessaging-Beta */,
				10E0CBD62AAE02CF0009F054 /* FirebaseInAppMessagingSwift-Beta */,
				10E0CBD82AAE02CF0009F054 /* FirebaseInstallations */,
				10E0CBDA2AAE02CF0009F054 /* FirebaseMLModelDownloader */,
				10E0CBDC2AAE02CF0009F054 /* FirebaseMessaging */,
				10E0CBDE2AAE02CF0009F054 /* FirebasePerformance */,
				10E0CBE02AAE02CF0009F054 /* FirebaseRemoteConfig */,
				10E0CBE22AAE02CF0009F054 /* FirebaseRemoteConfigSwift */,
				10E0CBE42AAE02CF0009F054 /* FirebaseStorage */,
				10E0CBE62AAE02CF0009F054 /* FirebaseStorageCombine-Community */,
			);
			productName = Insider;
			productReference = 1047D5F52AA8B2A00038947C /* Insider.app */;
			productType = "com.apple.product-type.application";
		};
/* End PBXNativeTarget section */

/* Begin PBXProject section */
		1047D5ED2AA8B2A00038947C /* Project object */ = {
			isa = PBXProject;
			attributes = {
				BuildIndependentTargetsInParallel = 1;
				LastSwiftUpdateCheck = 1430;
				LastUpgradeCheck = 1430;
				TargetAttributes = {
					1047D5F42AA8B2A00038947C = {
						CreatedOnToolsVersion = 14.3.1;
					};
				};
			};
			buildConfigurationList = 1047D5F02AA8B2A00038947C /* Build configuration list for PBXProject "Insider" */;
			compatibilityVersion = "Xcode 14.0";
			developmentRegion = en;
			hasScannedForEncodings = 0;
			knownRegions = (
				en,
				Base,
			);
			mainGroup = 1047D5EC2AA8B2A00038947C;
			packageReferences = (
				10DD6DE62AAB6E6600D4925E /* XCRemoteSwiftPackageReference "kakao-ios-sdk" */,
				10E0CBB12AAE02CF0009F054 /* XCRemoteSwiftPackageReference "firebase-ios-sdk" */,
			);
			productRefGroup = 1047D5F62AA8B2A00038947C /* Products */;
			projectDirPath = "";
			projectRoot = "";
			targets = (
				1047D5F42AA8B2A00038947C /* Insider */,
			);
		};
/* End PBXProject section */

/* Begin PBXResourcesBuildPhase section */
		1047D5F32AA8B2A00038947C /* Resources */ = {
			isa = PBXResourcesBuildPhase;
			buildActionMask = 2147483647;
			files = (
				1047D6002AA8B2A10038947C /* Preview Assets.xcassets in Resources */,
				10DB79852AAE268200A6D2AC /* GoogleService-Info.plist in Resources */,
				1047D5FD2AA8B2A10038947C /* Assets.xcassets in Resources */,
			);
			runOnlyForDeploymentPostprocessing = 0;
		};
/* End PBXResourcesBuildPhase section */

/* Begin PBXSourcesBuildPhase section */
		1047D5F12AA8B2A00038947C /* Sources */ = {
			isa = PBXSourcesBuildPhase;
			buildActionMask = 2147483647;
			files = (
				1047D5FB2AA8B2A00038947C /* ContentView.swift in Sources */,
				1047D5F92AA8B2A00038947C /* InsiderApp.swift in Sources */,
			);
			runOnlyForDeploymentPostprocessing = 0;
		};
/* End PBXSourcesBuildPhase section */

/* Begin XCBuildConfiguration section */
		1047D6012AA8B2A10038947C /* Debug */ = {
			isa = XCBuildConfiguration;
			buildSettings = {
				ALWAYS_SEARCH_USER_PATHS = NO;
				CLANG_ANALYZER_NONNULL = YES;
				CLANG_ANALYZER_NUMBER_OBJECT_CONVERSION = YES_AGGRESSIVE;
				CLANG_CXX_LANGUAGE_STANDARD = "gnu++20";
				CLANG_ENABLE_MODULES = YES;
				CLANG_ENABLE_OBJC_ARC = YES;
				CLANG_ENABLE_OBJC_WEAK = YES;
				CLANG_WARN_BLOCK_CAPTURE_AUTORELEASING = YES;
				CLANG_WARN_BOOL_CONVERSION = YES;
				CLANG_WARN_COMMA = YES;
				CLANG_WARN_CONSTANT_CONVERSION = YES;
				CLANG_WARN_DEPRECATED_OBJC_IMPLEMENTATIONS = YES;
				CLANG_WARN_DIRECT_OBJC_ISA_USAGE = YES_ERROR;
				CLANG_WARN_DOCUMENTATION_COMMENTS = YES;
				CLANG_WARN_EMPTY_BODY = YES;
				CLANG_WARN_ENUM_CONVERSION = YES;
				CLANG_WARN_INFINITE_RECURSION = YES;
				CLANG_WARN_INT_CONVERSION = YES;
				CLANG_WARN_NON_LITERAL_NULL_CONVERSION = YES;
				CLANG_WARN_OBJC_IMPLICIT_RETAIN_SELF = YES;
				CLANG_WARN_OBJC_LITERAL_CONVERSION = YES;
				CLANG_WARN_OBJC_ROOT_CLASS = YES_ERROR;
				CLANG_WARN_QUOTED_INCLUDE_IN_FRAMEWORK_HEADER = YES;
				CLANG_WARN_RANGE_LOOP_ANALYSIS = YES;
				CLANG_WARN_STRICT_PROTOTYPES = YES;
				CLANG_WARN_SUSPICIOUS_MOVE = YES;
				CLANG_WARN_UNGUARDED_AVAILABILITY = YES_AGGRESSIVE;
				CLANG_WARN_UNREACHABLE_CODE = YES;
				CLANG_WARN__DUPLICATE_METHOD_MATCH = YES;
				COPY_PHASE_STRIP = NO;
				DEBUG_INFORMATION_FORMAT = dwarf;
				ENABLE_STRICT_OBJC_MSGSEND = YES;
				ENABLE_TESTABILITY = YES;
				GCC_C_LANGUAGE_STANDARD = gnu11;
				GCC_DYNAMIC_NO_PIC = NO;
				GCC_NO_COMMON_BLOCKS = YES;
				GCC_OPTIMIZATION_LEVEL = 0;
				GCC_PREPROCESSOR_DEFINITIONS = (
					"DEBUG=1",
					"$(inherited)",
				);
				GCC_WARN_64_TO_32_BIT_CONVERSION = YES;
				GCC_WARN_ABOUT_RETURN_TYPE = YES_ERROR;
				GCC_WARN_UNDECLARED_SELECTOR = YES;
				GCC_WARN_UNINITIALIZED_AUTOS = YES_AGGRESSIVE;
				GCC_WARN_UNUSED_FUNCTION = YES;
				GCC_WARN_UNUSED_VARIABLE = YES;
				IPHONEOS_DEPLOYMENT_TARGET = 16.4;
				MTL_ENABLE_DEBUG_INFO = INCLUDE_SOURCE;
				MTL_FAST_MATH = YES;
				ONLY_ACTIVE_ARCH = YES;
				SDKROOT = iphoneos;
				SWIFT_ACTIVE_COMPILATION_CONDITIONS = DEBUG;
				SWIFT_OPTIMIZATION_LEVEL = "-Onone";
			};
			name = Debug;
		};
		1047D6022AA8B2A10038947C /* Release */ = {
			isa = XCBuildConfiguration;
			buildSettings = {
				ALWAYS_SEARCH_USER_PATHS = NO;
				CLANG_ANALYZER_NONNULL = YES;
				CLANG_ANALYZER_NUMBER_OBJECT_CONVERSION = YES_AGGRESSIVE;
				CLANG_CXX_LANGUAGE_STANDARD = "gnu++20";
				CLANG_ENABLE_MODULES = YES;
				CLANG_ENABLE_OBJC_ARC = YES;
				CLANG_ENABLE_OBJC_WEAK = YES;
				CLANG_WARN_BLOCK_CAPTURE_AUTORELEASING = YES;
				CLANG_WARN_BOOL_CONVERSION = YES;
				CLANG_WARN_COMMA = YES;
				CLANG_WARN_CONSTANT_CONVERSION = YES;
				CLANG_WARN_DEPRECATED_OBJC_IMPLEMENTATIONS = YES;
				CLANG_WARN_DIRECT_OBJC_ISA_USAGE = YES_ERROR;
				CLANG_WARN_DOCUMENTATION_COMMENTS = YES;
				CLANG_WARN_EMPTY_BODY = YES;
				CLANG_WARN_ENUM_CONVERSION = YES;
				CLANG_WARN_INFINITE_RECURSION = YES;
				CLANG_WARN_INT_CONVERSION = YES;
				CLANG_WARN_NON_LITERAL_NULL_CONVERSION = YES;
				CLANG_WARN_OBJC_IMPLICIT_RETAIN_SELF = YES;
				CLANG_WARN_OBJC_LITERAL_CONVERSION = YES;
				CLANG_WARN_OBJC_ROOT_CLASS = YES_ERROR;
				CLANG_WARN_QUOTED_INCLUDE_IN_FRAMEWORK_HEADER = YES;
				CLANG_WARN_RANGE_LOOP_ANALYSIS = YES;
				CLANG_WARN_STRICT_PROTOTYPES = YES;
				CLANG_WARN_SUSPICIOUS_MOVE = YES;
				CLANG_WARN_UNGUARDED_AVAILABILITY = YES_AGGRESSIVE;
				CLANG_WARN_UNREACHABLE_CODE = YES;
				CLANG_WARN__DUPLICATE_METHOD_MATCH = YES;
				COPY_PHASE_STRIP = NO;
				DEBUG_INFORMATION_FORMAT = "dwarf-with-dsym";
				ENABLE_NS_ASSERTIONS = NO;
				ENABLE_STRICT_OBJC_MSGSEND = YES;
				GCC_C_LANGUAGE_STANDARD = gnu11;
				GCC_NO_COMMON_BLOCKS = YES;
				GCC_WARN_64_TO_32_BIT_CONVERSION = YES;
				GCC_WARN_ABOUT_RETURN_TYPE = YES_ERROR;
				GCC_WARN_UNDECLARED_SELECTOR = YES;
				GCC_WARN_UNINITIALIZED_AUTOS = YES_AGGRESSIVE;
				GCC_WARN_UNUSED_FUNCTION = YES;
				GCC_WARN_UNUSED_VARIABLE = YES;
				IPHONEOS_DEPLOYMENT_TARGET = 16.4;
				MTL_ENABLE_DEBUG_INFO = NO;
				MTL_FAST_MATH = YES;
				SDKROOT = iphoneos;
				SWIFT_COMPILATION_MODE = wholemodule;
				SWIFT_OPTIMIZATION_LEVEL = "-O";
				VALIDATE_PRODUCT = YES;
			};
			name = Release;
		};
		1047D6042AA8B2A10038947C /* Debug */ = {
			isa = XCBuildConfiguration;
			buildSettings = {
				ASSETCATALOG_COMPILER_APPICON_NAME = AppIcon;
				ASSETCATALOG_COMPILER_GLOBAL_ACCENT_COLOR_NAME = AccentColor;
				CODE_SIGN_STYLE = Automatic;
				CURRENT_PROJECT_VERSION = 1;
				DEVELOPMENT_ASSET_PATHS = "\"Insider/Preview Content\"";
				DEVELOPMENT_TEAM = 5B384GUVAN;
				ENABLE_PREVIEWS = YES;
				GENERATE_INFOPLIST_FILE = YES;
				INFOPLIST_FILE = Insider/Info.plist;
				INFOPLIST_KEY_LSApplicationCategoryType = "\"\"";
				INFOPLIST_KEY_UIApplicationSceneManifest_Generation = YES;
				INFOPLIST_KEY_UIApplicationSupportsIndirectInputEvents = YES;
				INFOPLIST_KEY_UILaunchScreen_Generation = YES;
				INFOPLIST_KEY_UISupportedInterfaceOrientations_iPad = "UIInterfaceOrientationPortrait UIInterfaceOrientationPortraitUpsideDown UIInterfaceOrientationLandscapeLeft UIInterfaceOrientationLandscapeRight";
				INFOPLIST_KEY_UISupportedInterfaceOrientations_iPhone = "UIInterfaceOrientationPortrait UIInterfaceOrientationLandscapeLeft UIInterfaceOrientationLandscapeRight";
				LD_RUNPATH_SEARCH_PATHS = (
					"$(inherited)",
					"@executable_path/Frameworks",
				);
				MARKETING_VERSION = 1.0;
				PRODUCT_BUNDLE_IDENTIFIER = woniz.Insider;
				PRODUCT_NAME = "$(TARGET_NAME)";
				SWIFT_EMIT_LOC_STRINGS = YES;
				SWIFT_VERSION = 5.0;
				TARGETED_DEVICE_FAMILY = "1,2";
			};
			name = Debug;
		};
		1047D6052AA8B2A10038947C /* Release */ = {
			isa = XCBuildConfiguration;
			buildSettings = {
				ASSETCATALOG_COMPILER_APPICON_NAME = AppIcon;
				ASSETCATALOG_COMPILER_GLOBAL_ACCENT_COLOR_NAME = AccentColor;
				CODE_SIGN_STYLE = Automatic;
				CURRENT_PROJECT_VERSION = 1;
				DEVELOPMENT_ASSET_PATHS = "\"Insider/Preview Content\"";
				DEVELOPMENT_TEAM = 5B384GUVAN;
				ENABLE_PREVIEWS = YES;
				GENERATE_INFOPLIST_FILE = YES;
				INFOPLIST_FILE = Insider/Info.plist;
				INFOPLIST_KEY_LSApplicationCategoryType = "\"\"";
				INFOPLIST_KEY_UIApplicationSceneManifest_Generation = YES;
				INFOPLIST_KEY_UIApplicationSupportsIndirectInputEvents = YES;
				INFOPLIST_KEY_UILaunchScreen_Generation = YES;
				INFOPLIST_KEY_UISupportedInterfaceOrientations_iPad = "UIInterfaceOrientationPortrait UIInterfaceOrientationPortraitUpsideDown UIInterfaceOrientationLandscapeLeft UIInterfaceOrientationLandscapeRight";
				INFOPLIST_KEY_UISupportedInterfaceOrientations_iPhone = "UIInterfaceOrientationPortrait UIInterfaceOrientationLandscapeLeft UIInterfaceOrientationLandscapeRight";
				LD_RUNPATH_SEARCH_PATHS = (
					"$(inherited)",
					"@executable_path/Frameworks",
				);
				MARKETING_VERSION = 1.0;
				PRODUCT_BUNDLE_IDENTIFIER = woniz.Insider;
				PRODUCT_NAME = "$(TARGET_NAME)";
				SWIFT_EMIT_LOC_STRINGS = YES;
				SWIFT_VERSION = 5.0;
				TARGETED_DEVICE_FAMILY = "1,2";
			};
			name = Release;
		};
/* End XCBuildConfiguration section */

/* Begin XCConfigurationList section */
		1047D5F02AA8B2A00038947C /* Build configuration list for PBXProject "Insider" */ = {
			isa = XCConfigurationList;
			buildConfigurations = (
				1047D6012AA8B2A10038947C /* Debug */,
				1047D6022AA8B2A10038947C /* Release */,
			);
			defaultConfigurationIsVisible = 0;
			defaultConfigurationName = Release;
		};
		1047D6032AA8B2A10038947C /* Build configuration list for PBXNativeTarget "Insider" */ = {
			isa = XCConfigurationList;
			buildConfigurations = (
				1047D6042AA8B2A10038947C /* Debug */,
				1047D6052AA8B2A10038947C /* Release */,
			);
			defaultConfigurationIsVisible = 0;
			defaultConfigurationName = Release;
		};
/* End XCConfigurationList section */

/* Begin XCRemoteSwiftPackageReference section */
		10DD6DE62AAB6E6600D4925E /* XCRemoteSwiftPackageReference "kakao-ios-sdk" */ = {
			isa = XCRemoteSwiftPackageReference;
			repositoryURL = "https://github.com/kakao/kakao-ios-sdk";
			requirement = {
				branch = master;
				kind = branch;
			};
		};
		10E0CBB12AAE02CF0009F054 /* XCRemoteSwiftPackageReference "firebase-ios-sdk" */ = {
			isa = XCRemoteSwiftPackageReference;
			repositoryURL = "https://github.com/firebase/firebase-ios-sdk";
			requirement = {
				branch = master;
				kind = branch;
			};
		};
/* End XCRemoteSwiftPackageReference section */

/* Begin XCSwiftPackageProductDependency section */
		10DD6DE72AAB6E6600D4925E /* KakaoSDK */ = {
			isa = XCSwiftPackageProductDependency;
			package = 10DD6DE62AAB6E6600D4925E /* XCRemoteSwiftPackageReference "kakao-ios-sdk" */;
			productName = KakaoSDK;
		};
		10DD6DE92AAB6E6600D4925E /* KakaoSDKAuth */ = {
			isa = XCSwiftPackageProductDependency;
			package = 10DD6DE62AAB6E6600D4925E /* XCRemoteSwiftPackageReference "kakao-ios-sdk" */;
			productName = KakaoSDKAuth;
		};
		10DD6DEB2AAB6E6600D4925E /* KakaoSDKCert */ = {
			isa = XCSwiftPackageProductDependency;
			package = 10DD6DE62AAB6E6600D4925E /* XCRemoteSwiftPackageReference "kakao-ios-sdk" */;
			productName = KakaoSDKCert;
		};
		10DD6DED2AAB6E6600D4925E /* KakaoSDKCertCore */ = {
			isa = XCSwiftPackageProductDependency;
			package = 10DD6DE62AAB6E6600D4925E /* XCRemoteSwiftPackageReference "kakao-ios-sdk" */;
			productName = KakaoSDKCertCore;
		};
		10DD6DEF2AAB6E6600D4925E /* KakaoSDKCommon */ = {
			isa = XCSwiftPackageProductDependency;
			package = 10DD6DE62AAB6E6600D4925E /* XCRemoteSwiftPackageReference "kakao-ios-sdk" */;
			productName = KakaoSDKCommon;
		};
		10DD6DF12AAB6E6600D4925E /* KakaoSDKFriend */ = {
			isa = XCSwiftPackageProductDependency;
			package = 10DD6DE62AAB6E6600D4925E /* XCRemoteSwiftPackageReference "kakao-ios-sdk" */;
			productName = KakaoSDKFriend;
		};
		10DD6DF32AAB6E6600D4925E /* KakaoSDKFriendCore */ = {
			isa = XCSwiftPackageProductDependency;
			package = 10DD6DE62AAB6E6600D4925E /* XCRemoteSwiftPackageReference "kakao-ios-sdk" */;
			productName = KakaoSDKFriendCore;
		};
		10DD6DF52AAB6E6600D4925E /* KakaoSDKShare */ = {
			isa = XCSwiftPackageProductDependency;
			package = 10DD6DE62AAB6E6600D4925E /* XCRemoteSwiftPackageReference "kakao-ios-sdk" */;
			productName = KakaoSDKShare;
		};
		10DD6DF72AAB6E6600D4925E /* KakaoSDKTalk */ = {
			isa = XCSwiftPackageProductDependency;
			package = 10DD6DE62AAB6E6600D4925E /* XCRemoteSwiftPackageReference "kakao-ios-sdk" */;
			productName = KakaoSDKTalk;
		};
		10DD6DF92AAB6E6600D4925E /* KakaoSDKUser */ = {
			isa = XCSwiftPackageProductDependency;
			package = 10DD6DE62AAB6E6600D4925E /* XCRemoteSwiftPackageReference "kakao-ios-sdk" */;
			productName = KakaoSDKUser;
		};
		10E0CBB22AAE02CF0009F054 /* FirebaseAnalytics */ = {
			isa = XCSwiftPackageProductDependency;
			package = 10E0CBB12AAE02CF0009F054 /* XCRemoteSwiftPackageReference "firebase-ios-sdk" */;
			productName = FirebaseAnalytics;
		};
		10E0CBB42AAE02CF0009F054 /* FirebaseAnalyticsOnDeviceConversion */ = {
			isa = XCSwiftPackageProductDependency;
			package = 10E0CBB12AAE02CF0009F054 /* XCRemoteSwiftPackageReference "firebase-ios-sdk" */;
			productName = FirebaseAnalyticsOnDeviceConversion;
		};
		10E0CBB62AAE02CF0009F054 /* FirebaseAnalyticsSwift */ = {
			isa = XCSwiftPackageProductDependency;
			package = 10E0CBB12AAE02CF0009F054 /* XCRemoteSwiftPackageReference "firebase-ios-sdk" */;
			productName = FirebaseAnalyticsSwift;
		};
		10E0CBB82AAE02CF0009F054 /* FirebaseAnalyticsWithoutAdIdSupport */ = {
			isa = XCSwiftPackageProductDependency;
			package = 10E0CBB12AAE02CF0009F054 /* XCRemoteSwiftPackageReference "firebase-ios-sdk" */;
			productName = FirebaseAnalyticsWithoutAdIdSupport;
		};
		10E0CBBA2AAE02CF0009F054 /* FirebaseAppCheck */ = {
			isa = XCSwiftPackageProductDependency;
			package = 10E0CBB12AAE02CF0009F054 /* XCRemoteSwiftPackageReference "firebase-ios-sdk" */;
			productName = FirebaseAppCheck;
		};
		10E0CBBC2AAE02CF0009F054 /* FirebaseAppDistribution-Beta */ = {
			isa = XCSwiftPackageProductDependency;
			package = 10E0CBB12AAE02CF0009F054 /* XCRemoteSwiftPackageReference "firebase-ios-sdk" */;
			productName = "FirebaseAppDistribution-Beta";
		};
		10E0CBBE2AAE02CF0009F054 /* FirebaseAuth */ = {
			isa = XCSwiftPackageProductDependency;
			package = 10E0CBB12AAE02CF0009F054 /* XCRemoteSwiftPackageReference "firebase-ios-sdk" */;
			productName = FirebaseAuth;
		};
		10E0CBC02AAE02CF0009F054 /* FirebaseAuthCombine-Community */ = {
			isa = XCSwiftPackageProductDependency;
			package = 10E0CBB12AAE02CF0009F054 /* XCRemoteSwiftPackageReference "firebase-ios-sdk" */;
			productName = "FirebaseAuthCombine-Community";
		};
		10E0CBC22AAE02CF0009F054 /* FirebaseCrashlytics */ = {
			isa = XCSwiftPackageProductDependency;
			package = 10E0CBB12AAE02CF0009F054 /* XCRemoteSwiftPackageReference "firebase-ios-sdk" */;
			productName = FirebaseCrashlytics;
		};
		10E0CBC42AAE02CF0009F054 /* FirebaseDatabase */ = {
			isa = XCSwiftPackageProductDependency;
			package = 10E0CBB12AAE02CF0009F054 /* XCRemoteSwiftPackageReference "firebase-ios-sdk" */;
			productName = FirebaseDatabase;
		};
		10E0CBC62AAE02CF0009F054 /* FirebaseDatabaseSwift */ = {
			isa = XCSwiftPackageProductDependency;
			package = 10E0CBB12AAE02CF0009F054 /* XCRemoteSwiftPackageReference "firebase-ios-sdk" */;
			productName = FirebaseDatabaseSwift;
		};
		10E0CBC82AAE02CF0009F054 /* FirebaseDynamicLinks */ = {
			isa = XCSwiftPackageProductDependency;
			package = 10E0CBB12AAE02CF0009F054 /* XCRemoteSwiftPackageReference "firebase-ios-sdk" */;
			productName = FirebaseDynamicLinks;
		};
		10E0CBCA2AAE02CF0009F054 /* FirebaseFirestore */ = {
			isa = XCSwiftPackageProductDependency;
			package = 10E0CBB12AAE02CF0009F054 /* XCRemoteSwiftPackageReference "firebase-ios-sdk" */;
			productName = FirebaseFirestore;
		};
		10E0CBCC2AAE02CF0009F054 /* FirebaseFirestoreCombine-Community */ = {
			isa = XCSwiftPackageProductDependency;
			package = 10E0CBB12AAE02CF0009F054 /* XCRemoteSwiftPackageReference "firebase-ios-sdk" */;
			productName = "FirebaseFirestoreCombine-Community";
		};
		10E0CBCE2AAE02CF0009F054 /* FirebaseFirestoreSwift */ = {
			isa = XCSwiftPackageProductDependency;
			package = 10E0CBB12AAE02CF0009F054 /* XCRemoteSwiftPackageReference "firebase-ios-sdk" */;
			productName = FirebaseFirestoreSwift;
		};
		10E0CBD02AAE02CF0009F054 /* FirebaseFunctions */ = {
			isa = XCSwiftPackageProductDependency;
			package = 10E0CBB12AAE02CF0009F054 /* XCRemoteSwiftPackageReference "firebase-ios-sdk" */;
			productName = FirebaseFunctions;
		};
		10E0CBD22AAE02CF0009F054 /* FirebaseFunctionsCombine-Community */ = {
			isa = XCSwiftPackageProductDependency;
			package = 10E0CBB12AAE02CF0009F054 /* XCRemoteSwiftPackageReference "firebase-ios-sdk" */;
			productName = "FirebaseFunctionsCombine-Community";
		};
		10E0CBD42AAE02CF0009F054 /* FirebaseInAppMessaging-Beta */ = {
			isa = XCSwiftPackageProductDependency;
			package = 10E0CBB12AAE02CF0009F054 /* XCRemoteSwiftPackageReference "firebase-ios-sdk" */;
			productName = "FirebaseInAppMessaging-Beta";
		};
		10E0CBD62AAE02CF0009F054 /* FirebaseInAppMessagingSwift-Beta */ = {
			isa = XCSwiftPackageProductDependency;
			package = 10E0CBB12AAE02CF0009F054 /* XCRemoteSwiftPackageReference "firebase-ios-sdk" */;
			productName = "FirebaseInAppMessagingSwift-Beta";
		};
		10E0CBD82AAE02CF0009F054 /* FirebaseInstallations */ = {
			isa = XCSwiftPackageProductDependency;
			package = 10E0CBB12AAE02CF0009F054 /* XCRemoteSwiftPackageReference "firebase-ios-sdk" */;
			productName = FirebaseInstallations;
		};
		10E0CBDA2AAE02CF0009F054 /* FirebaseMLModelDownloader */ = {
			isa = XCSwiftPackageProductDependency;
			package = 10E0CBB12AAE02CF0009F054 /* XCRemoteSwiftPackageReference "firebase-ios-sdk" */;
			productName = FirebaseMLModelDownloader;
		};
		10E0CBDC2AAE02CF0009F054 /* FirebaseMessaging */ = {
			isa = XCSwiftPackageProductDependency;
			package = 10E0CBB12AAE02CF0009F054 /* XCRemoteSwiftPackageReference "firebase-ios-sdk" */;
			productName = FirebaseMessaging;
		};
		10E0CBDE2AAE02CF0009F054 /* FirebasePerformance */ = {
			isa = XCSwiftPackageProductDependency;
			package = 10E0CBB12AAE02CF0009F054 /* XCRemoteSwiftPackageReference "firebase-ios-sdk" */;
			productName = FirebasePerformance;
		};
		10E0CBE02AAE02CF0009F054 /* FirebaseRemoteConfig */ = {
			isa = XCSwiftPackageProductDependency;
			package = 10E0CBB12AAE02CF0009F054 /* XCRemoteSwiftPackageReference "firebase-ios-sdk" */;
			productName = FirebaseRemoteConfig;
		};
		10E0CBE22AAE02CF0009F054 /* FirebaseRemoteConfigSwift */ = {
			isa = XCSwiftPackageProductDependency;
			package = 10E0CBB12AAE02CF0009F054 /* XCRemoteSwiftPackageReference "firebase-ios-sdk" */;
			productName = FirebaseRemoteConfigSwift;
		};
		10E0CBE42AAE02CF0009F054 /* FirebaseStorage */ = {
			isa = XCSwiftPackageProductDependency;
			package = 10E0CBB12AAE02CF0009F054 /* XCRemoteSwiftPackageReference "firebase-ios-sdk" */;
			productName = FirebaseStorage;
		};
		10E0CBE62AAE02CF0009F054 /* FirebaseStorageCombine-Community */ = {
			isa = XCSwiftPackageProductDependency;
			package = 10E0CBB12AAE02CF0009F054 /* XCRemoteSwiftPackageReference "firebase-ios-sdk" */;
			productName = "FirebaseStorageCombine-Community";
		};
/* End XCSwiftPackageProductDependency section */
	};
	rootObject = 1047D5ED2AA8B2A00038947C /* Project object */;
}
